
Microsoft Visual Studio Solution File, Format Version 12.00
# Visual Studio 15
VisualStudioVersion = 15.0.27130.2010
MinimumVisualStudioVersion = 10.0.40219.1
Project("{FAE04EC0-301F-11D3-BF4B-00C04F79EFBC}") = "Kata_platform", "Kata_platform\Kata_platform.csproj", "{F54CD5F7-C272-43D2-94B2-A62F7875FA0B}"
EndProject
Global
	GlobalSection(SolutionConfigurationPlatforms) = preSolution
		Debug|Any CPU = Debug|Any CPU
		Release|Any CPU = Release|Any CPU
	EndGlobalSection
	GlobalSection(ProjectConfigurationPlatforms) = postSolution
		{F54CD5F7-C272-43D2-94B2-A62F7875FA0B}.Debug|Any CPU.ActiveCfg = Debug|Any CPU
		{F54CD5F7-C272-43D2-94B2-A62F7875FA0B}.Debug|Any CPU.Build.0 = Debug|Any CPU
		{F54CD5F7-C272-43D2-94B2-A62F7875FA0B}.Release|Any CPU.ActiveCfg = Release|Any CPU
		{F54CD5F7-C272-43D2-94B2-A62F7875FA0B}.Release|Any CPU.Build.0 = Release|Any CPU
	EndGlobalSection
	GlobalSection(SolutionProperties) = preSolution
		HideSolutionNode = FALSE
	EndGlobalSection
	GlobalSection(ExtensibilityGlobals) = postSolution
		SolutionGuid = {A0C5DA5D-FD4D-4131-85E5-B181777B3957}
	EndGlobalSection
EndGlobal
